// !$*UTF8*$!
{
	archiveVersion = 1;
	classes = {
	};
	objectVersion = 46;
	objects = {

/* Begin PBXBuildFile section */
		FCE4778619ED71EC00C50DED /* AppDelegate.swift in Sources */ = {isa = PBXBuildFile; fileRef = FCE4778519ED71EC00C50DED /* AppDelegate.swift */; };
		FCE4778819ED71EC00C50DED /* ViewController.swift in Sources */ = {isa = PBXBuildFile; fileRef = FCE4778719ED71EC00C50DED /* ViewController.swift */; };
		FCE4778B19ED71EC00C50DED /* Main.storyboard in Resources */ = {isa = PBXBuildFile; fileRef = FCE4778919ED71EC00C50DED /* Main.storyboard */; };
		FCE4778D19ED71EC00C50DED /* Images.xcassets in Resources */ = {isa = PBXBuildFile; fileRef = FCE4778C19ED71EC00C50DED /* Images.xcassets */; };
		FCE4779019ED71EC00C50DED /* LaunchScreen.xib in Resources */ = {isa = PBXBuildFile; fileRef = FCE4778E19ED71EC00C50DED /* LaunchScreen.xib */; };
		FCE4779C19ED71EC00C50DED /* ObjectFactoryTests.swift in Sources */ = {isa = PBXBuildFile; fileRef = FCE4779B19ED71EC00C50DED /* ObjectFactoryTests.swift */; };
/* End PBXBuildFile section */

/* Begin PBXContainerItemProxy section */
		FCE4779619ED71EC00C50DED /* PBXContainerItemProxy */ = {
			isa = PBXContainerItemProxy;
			containerPortal = FCE4777819ED71EC00C50DED /* Project object */;
			proxyType = 1;
			remoteGlobalIDString = FCE4777F19ED71EC00C50DED;
			remoteInfo = ObjectFactory;
		};
/* End PBXContainerItemProxy section */

/* Begin PBXFileReference section */
		FCE4778019ED71EC00C50DED /* ObjectFactory.app */ = {isa = PBXFileReference; explicitFileType = wrapper.application; includeInIndex = 0; path = ObjectFactory.app; sourceTree = BUILT_PRODUCTS_DIR; };
		FCE4778419ED71EC00C50DED /* Info.plist */ = {isa = PBXFileReference; lastKnownFileType = text.plist.xml; path = Info.plist; sourceTree = "<group>"; };
		FCE4778519ED71EC00C50DED /* AppDelegate.swift */ = {isa = PBXFileReference; lastKnownFileType = sourcecode.swift; path = AppDelegate.swift; sourceTree = "<group>"; };
		FCE4778719ED71EC00C50DED /* ViewController.swift */ = {isa = PBXFileReference; lastKnownFileType = sourcecode.swift; path = ViewController.swift; sourceTree = "<group>"; };
		FCE4778A19ED71EC00C50DED /* Base */ = {isa = PBXFileReference; lastKnownFileType = file.storyboard; name = Base; path = Base.lproj/Main.storyboard; sourceTree = "<group>"; };
		FCE4778C19ED71EC00C50DED /* Images.xcassets */ = {isa = PBXFileReference; lastKnownFileType = folder.assetcatalog; path = Images.xcassets; sourceTree = "<group>"; };
		FCE4778F19ED71EC00C50DED /* Base */ = {isa = PBXFileReference; lastKnownFileType = file.xib; name = Base; path = Base.lproj/LaunchScreen.xib; sourceTree = "<group>"; };
		FCE4779519ED71EC00C50DED /* ObjectFactoryTests.xctest */ = {isa = PBXFileReference; explicitFileType = wrapper.cfbundle; includeInIndex = 0; path = ObjectFactoryTests.xctest; sourceTree = BUILT_PRODUCTS_DIR; };
		FCE4779A19ED71EC00C50DED /* Info.plist */ = {isa = PBXFileReference; lastKnownFileType = text.plist.xml; path = Info.plist; sourceTree = "<group>"; };
		FCE4779B19ED71EC00C50DED /* ObjectFactoryTests.swift */ = {isa = PBXFileReference; lastKnownFileType = sourcecode.swift; path = ObjectFactoryTests.swift; sourceTree = "<group>"; };
/* End PBXFileReference section */

/* Begin PBXFrameworksBuildPhase section */
		FCE4777D19ED71EC00C50DED /* Frameworks */ = {
			isa = PBXFrameworksBuildPhase;
			buildActionMask = 2147483647;
			files = (
			);
			runOnlyForDeploymentPostprocessing = 0;
		};
		FCE4779219ED71EC00C50DED /* Frameworks */ = {
			isa = PBXFrameworksBuildPhase;
			buildActionMask = 2147483647;
			files = (
			);
			runOnlyForDeploymentPostprocessing = 0;
		};
/* End PBXFrameworksBuildPhase section */

/* Begin PBXGroup section */
		FCE4777719ED71EC00C50DED = {
			isa = PBXGroup;
			children = (
				FCE4778219ED71EC00C50DED /* ObjectFactory */,
				FCE4779819ED71EC00C50DED /* ObjectFactoryTests */,
				FCE4778119ED71EC00C50DED /* Products */,
			);
			sourceTree = "<group>";
		};
		FCE4778119ED71EC00C50DED /* Products */ = {
			isa = PBXGroup;
			children = (
				FCE4778019ED71EC00C50DED /* ObjectFactory.app */,
				FCE4779519ED71EC00C50DED /* ObjectFactoryTests.xctest */,
			);
			name = Products;
			sourceTree = "<group>";
		};
		FCE4778219ED71EC00C50DED /* ObjectFactory */ = {
			isa = PBXGroup;
			children = (
				FCE4778519ED71EC00C50DED /* AppDelegate.swift */,
				FCE4778719ED71EC00C50DED /* ViewController.swift */,
				FCE4778919ED71EC00C50DED /* Main.storyboard */,
				FCE4778C19ED71EC00C50DED /* Images.xcassets */,
				FCE4778E19ED71EC00C50DED /* LaunchScreen.xib */,
				FCE4778319ED71EC00C50DED /* Supporting Files */,
			);
			path = ObjectFactory;
			sourceTree = "<group>";
		};
		FCE4778319ED71EC00C50DED /* Supporting Files */ = {
			isa = PBXGroup;
			children = (
				FCE4778419ED71EC00C50DED /* Info.plist */,
			);
			name = "Supporting Files";
			sourceTree = "<group>";
		};
		FCE4779819ED71EC00C50DED /* ObjectFactoryTests */ = {
			isa = PBXGroup;
			children = (
				FCE4779B19ED71EC00C50DED /* ObjectFactoryTests.swift */,
				FCE4779919ED71EC00C50DED /* Supporting Files */,
			);
			path = ObjectFactoryTests;
			sourceTree = "<group>";
		};
		FCE4779919ED71EC00C50DED /* Supporting Files */ = {
			isa = PBXGroup;
			children = (
				FCE4779A19ED71EC00C50DED /* Info.plist */,
			);
			name = "Supporting Files";
			sourceTree = "<group>";
		};
/* End PBXGroup section */

/* Begin PBXNativeTarget section */
		FCE4777F19ED71EC00C50DED /* ObjectFactory */ = {
			isa = PBXNativeTarget;
			buildConfigurationList = FCE4779F19ED71EC00C50DED /* Build configuration list for PBXNativeTarget "ObjectFactory" */;
			buildPhases = (
				FCE4777C19ED71EC00C50DED /* Sources */,
				FCE4777D19ED71EC00C50DED /* Frameworks */,
				FCE4777E19ED71EC00C50DED /* Resources */,
			);
			buildRules = (
			);
			dependencies = (
			);
			name = ObjectFactory;
			productName = ObjectFactory;
			productReference = FCE4778019ED71EC00C50DED /* ObjectFactory.app */;
			productType = "com.apple.product-type.application";
		};
		FCE4779419ED71EC00C50DED /* ObjectFactoryTests */ = {
			isa = PBXNativeTarget;
			buildConfigurationList = FCE477A219ED71EC00C50DED /* Build configuration list for PBXNativeTarget "ObjectFactoryTests" */;
			buildPhases = (
				FCE4779119ED71EC00C50DED /* Sources */,
				FCE4779219ED71EC00C50DED /* Frameworks */,
				FCE4779319ED71EC00C50DED /* Resources */,
			);
			buildRules = (
			);
			dependencies = (
				FCE4779719ED71EC00C50DED /* PBXTargetDependency */,
			);
			name = ObjectFactoryTests;
			productName = ObjectFactoryTests;
			productReference = FCE4779519ED71EC00C50DED /* ObjectFactoryTests.xctest */;
			productType = "com.apple.product-type.bundle.unit-test";
		};
/* End PBXNativeTarget section */

/* Begin PBXProject section */
		FCE4777819ED71EC00C50DED /* Project object */ = {
			isa = PBXProject;
			attributes = {
				LastUpgradeCheck = 0600;
				ORGANIZATIONNAME = "Rahul Nadella";
				TargetAttributes = {
					FCE4777F19ED71EC00C50DED = {
						CreatedOnToolsVersion = 6.0.1;
					};
					FCE4779419ED71EC00C50DED = {
						CreatedOnToolsVersion = 6.0.1;
						TestTargetID = FCE4777F19ED71EC00C50DED;
					};
				};
			};
			buildConfigurationList = FCE4777B19ED71EC00C50DED /* Build configuration list for PBXProject "ObjectFactory" */;
			compatibilityVersion = "Xcode 3.2";
			developmentRegion = English;
			hasScannedForEncodings = 0;
			knownRegions = (
				en,
				Base,
			);
			mainGroup = FCE4777719ED71EC00C50DED;
			productRefGroup = FCE4778119ED71EC00C50DED /* Products */;
			projectDirPath = "";
			projectRoot = "";
			targets = (
				FCE4777F19ED71EC00C50DED /* ObjectFactory */,
				FCE4779419ED71EC00C50DED /* ObjectFactoryTests */,
			);
		};
/* End PBXProject section */

/* Begin PBXResourcesBuildPhase section */
		FCE4777E19ED71EC00C50DED /* Resources */ = {
			isa = PBXResourcesBuildPhase;
			buildActionMask = 2147483647;
			files = (
				FCE4778B19ED71EC00C50DED /* Main.storyboard in Resources */,
				FCE4779019ED71EC00C50DED /* LaunchScreen.xib in Resources */,
				FCE4778D19ED71EC00C50DED /* Images.xcassets in Resources */,
			);
			runOnlyForDeploymentPostprocessing = 0;
		};
		FCE4779319ED71EC00C50DED /* Resources */ = {
			isa = PBXResourcesBuildPhase;
			buildActionMask = 2147483647;
			files = (
			);
			runOnlyForDeploymentPostprocessing = 0;
		};
/* End PBXResourcesBuildPhase section */

/* Begin PBXSourcesBuildPhase section */
		FCE4777C19ED71EC00C50DED /* Sources */ = {
			isa = PBXSourcesBuildPhase;
			buildActionMask = 2147483647;
			files = (
				FCE4778819ED71EC00C50DED /* ViewController.swift in Sources */,
				FCE4778619ED71EC00C50DED /* AppDelegate.swift in Sources */,
			);
			runOnlyForDeploymentPostprocessing = 0;
		};
		FCE4779119ED71EC00C50DED /* Sources */ = {
			isa = PBXSourcesBuildPhase;
			buildActionMask = 2147483647;
			files = (
				FCE4779C19ED71EC00C50DED /* ObjectFactoryTests.swift in Sources */,
			);
			runOnlyForDeploymentPostprocessing = 0;
		};
/* End PBXSourcesBuildPhase section */

/* Begin PBXTargetDependency section */
		FCE4779719ED71EC00C50DED /* PBXTargetDependency */ = {
			isa = PBXTargetDependency;
			target = FCE4777F19ED71EC00C50DED /* ObjectFactory */;
			targetProxy = FCE4779619ED71EC00C50DED /* PBXContainerItemProxy */;
		};
/* End PBXTargetDependency section */

/* Begin PBXVariantGroup section */
		FCE4778919ED71EC00C50DED /* Main.storyboard */ = {
			isa = PBXVariantGroup;
			children = (
				FCE4778A19ED71EC00C50DED /* Base */,
			);
			name = Main.storyboard;
			sourceTree = "<group>";
		};
		FCE4778E19ED71EC00C50DED /* LaunchScreen.xib */ = {
			isa = PBXVariantGroup;
			children = (
				FCE4778F19ED71EC00C50DED /* Base */,
			);
			name = LaunchScreen.xib;
			sourceTree = "<group>";
		};
/* End PBXVariantGroup section */

/* Begin XCBuildConfiguration section */
		FCE4779D19ED71EC00C50DED /* Debug */ = {
			isa = XCBuildConfiguration;
			buildSettings = {
				ALWAYS_SEARCH_USER_PATHS = NO;
				CLANG_CXX_LANGUAGE_STANDARD = "gnu++0x";
				CLANG_CXX_LIBRARY = "libc++";
				CLANG_ENABLE_MODULES = YES;
				CLANG_ENABLE_OBJC_ARC = YES;
				CLANG_WARN_BOOL_CONVERSION = YES;
				CLANG_WARN_CONSTANT_CONVERSION = YES;
				CLANG_WARN_DIRECT_OBJC_ISA_USAGE = YES_ERROR;
				CLANG_WARN_EMPTY_BODY = YES;
				CLANG_WARN_ENUM_CONVERSION = YES;
				CLANG_WARN_INT_CONVERSION = YES;
				CLANG_WARN_OBJC_ROOT_CLASS = YES_ERROR;
				CLANG_WARN_UNREACHABLE_CODE = YES;
				CLANG_WARN__DUPLICATE_METHOD_MATCH = YES;
				"CODE_SIGN_IDENTITY[sdk=iphoneos*]" = "iPhone Developer";
				COPY_PHASE_STRIP = NO;
				ENABLE_STRICT_OBJC_MSGSEND = YES;
				GCC_C_LANGUAGE_STANDARD = gnu99;
				GCC_DYNAMIC_NO_PIC = NO;
				GCC_OPTIMIZATION_LEVEL = 0;
				GCC_PREPROCESSOR_DEFINITIONS = (
					"DEBUG=1",
					"$(inherited)",
				);
				GCC_SYMBOLS_PRIVATE_EXTERN = NO;
				GCC_WARN_64_TO_32_BIT_CONVERSION = YES;
				GCC_WARN_ABOUT_RETURN_TYPE = YES_ERROR;
				GCC_WARN_UNDECLARED_SELECTOR = YES;
				GCC_WARN_UNINITIALIZED_AUTOS = YES_AGGRESSIVE;
				GCC_WARN_UNUSED_FUNCTION = YES;
				GCC_WARN_UNUSED_VARIABLE = YES;
				IPHONEOS_DEPLOYMENT_TARGET = 8.0;
				MTL_ENABLE_DEBUG_INFO = YES;
				ONLY_ACTIVE_ARCH = YES;
				SDKROOT = iphoneos;
				SWIFT_OPTIMIZATION_LEVEL = "-Onone";
				TARGETED_DEVICE_FAMILY = "1,2";
			};
			name = Debug;
		};
		FCE4779E19ED71EC00C50DED /* Release */ = {
			isa = XCBuildConfiguration;
			buildSettings = {
				ALWAYS_SEARCH_USER_PATHS = NO;
				CLANG_CXX_LANGUAGE_STANDARD = "gnu++0x";
				CLANG_CXX_LIBRARY = "libc++";
				CLANG_ENABLE_MODULES = YES;
				CLANG_ENABLE_OBJC_ARC = YES;
				CLANG_WARN_BOOL_CONVERSION = YES;
				CLANG_WARN_CONSTANT_CONVERSION = YES;
				CLANG_WARN_DIRECT_OBJC_ISA_USAGE = YES_ERROR;
				CLANG_WARN_EMPTY_BODY = YES;
				CLANG_WARN_ENUM_CONVERSION = YES;
				CLANG_WARN_INT_CONVERSION = YES;
				CLANG_WARN_OBJC_ROOT_CLASS = YES_ERROR;
				CLANG_WARN_UNREACHABLE_CODE = YES;
				CLANG_WARN__DUPLICATE_METHOD_MATCH = YES;
				"CODE_SIGN_IDENTITY[sdk=iphoneos*]" = "iPhone Developer";
				COPY_PHASE_STRIP = YES;
				ENABLE_NS_ASSERTIONS = NO;
				ENABLE_STRICT_OBJC_MSGSEND = YES;
				GCC_C_LANGUAGE_STANDARD = gnu99;
				GCC_WARN_64_TO_32_BIT_CONVERSION = YES;
				GCC_WARN_ABOUT_RETURN_TYPE = YES_ERROR;
				GCC_WARN_UNDECLARED_SELECTOR = YES;
				GCC_WARN_UNINITIALIZED_AUTOS = YES_AGGRESSIVE;
				GCC_WARN_UNUSED_FUNCTION = YES;
				GCC_WARN_UNUSED_VARIABLE = YES;
				IPHONEOS_DEPLOYMENT_TARGET = 8.0;
				MTL_ENABLE_DEBUG_INFO = NO;
				SDKROOT = iphoneos;
				TARGETED_DEVICE_FAMILY = "1,2";
				VALIDATE_PRODUCT = YES;
			};
			name = Release;
		};
		FCE477A019ED71EC00C50DED /* Debug */ = {
			isa = XCBuildConfiguration;
			buildSettings = {
				ASSETCATALOG_COMPILER_APPICON_NAME = AppIcon;
				INFOPLIST_FILE = ObjectFactory/Info.plist;
				LD_RUNPATH_SEARCH_PATHS = "$(inherited) @executable_path/Frameworks";
				PRODUCT_NAME = "$(TARGET_NAME)";
			};
			name = Debug;
		};
		FCE477A119ED71EC00C50DED /* Release */ = {
			isa = XCBuildConfiguration;
			buildSettings = {
				ASSETCATALOG_COMPILER_APPICON_NAME = AppIcon;
				INFOPLIST_FILE = ObjectFactory/Info.plist;
				LD_RUNPATH_SEARCH_PATHS = "$(inherited) @executable_path/Frameworks";
				PRODUCT_NAME = "$(TARGET_NAME)";
			};
			name = Release;
		};
		FCE477A319ED71EC00C50DED /* Debug */ = {
			isa = XCBuildConfiguration;
			buildSettings = {
				BUNDLE_LOADER = "$(TEST_HOST)";
				FRAMEWORK_SEARCH_PATHS = (
					"$(SDKROOT)/Developer/Library/Frameworks",
					"$(inherited)",
				);
				GCC_PREPROCESSOR_DEFINITIONS = (
					"DEBUG=1",
					"$(inherited)",
				);
				INFOPLIST_FILE = ObjectFactoryTests/Info.plist;
				LD_RUNPATH_SEARCH_PATHS = "$(inherited) @executable_path/Frameworks @loader_path/Frameworks";
				PRODUCT_NAME = "$(TARGET_NAME)";
				TEST_HOST = "$(BUILT_PRODUCTS_DIR)/ObjectFactory.app/ObjectFactory";
			};
			name = Debug;
		};
		FCE477A419ED71EC00C50DED /* Release */ = {
			isa = XCBuildConfiguration;
			buildSettings = {
				BUNDLE_LOADER = "$(TEST_HOST)";
				FRAMEWORK_SEARCH_PATHS = (
					"$(SDKROOT)/Developer/Library/Frameworks",
					"$(inherited)",
				);
				INFOPLIST_FILE = ObjectFactoryTests/Info.plist;
				LD_RUNPATH_SEARCH_PATHS = "$(inherited) @executable_path/Frameworks @loader_path/Frameworks";
				PRODUCT_NAME = "$(TARGET_NAME)";
				TEST_HOST = "$(BUILT_PRODUCTS_DIR)/ObjectFactory.app/ObjectFactory";
			};
			name = Release;
		};
/* End XCBuildConfiguration section */

/* Begin XCConfigurationList section */
		FCE4777B19ED71EC00C50DED /* Build configuration list for PBXProject "ObjectFactory" */ = {
			isa = XCConfigurationList;
			buildConfigurations = (
				FCE4779D19ED71EC00C50DED /* Debug */,
				FCE4779E19ED71EC00C50DED /* Release */,
			);
			defaultConfigurationIsVisible = 0;
			defaultConfigurationName = Release;
		};
		FCE4779F19ED71EC00C50DED /* Build configuration list for PBXNativeTarget "ObjectFactory" */ = {
			isa = XCConfigurationList;
			buildConfigurations = (
				FCE477A019ED71EC00C50DED /* Debug */,
				FCE477A119ED71EC00C50DED /* Release */,
			);
			defaultConfigurationIsVisible = 0;
		};
		FCE477A219ED71EC00C50DED /* Build configuration list for PBXNativeTarget "ObjectFactoryTests" */ = {
			isa = XCConfigurationList;
			buildConfigurations = (
				FCE477A319ED71EC00C50DED /* Debug */,
				FCE477A419ED71EC00C50DED /* Release */,
			);
			defaultConfigurationIsVisible = 0;
		};
/* End XCConfigurationList section */
	};
	rootObject = FCE4777819ED71EC00C50DED /* Project object */;
}
